
Microsoft Visual Studio Solution File, Format Version 12.00
# Visual Studio Version 17
VisualStudioVersion = 17.7.34009.444
MinimumVisualStudioVersion = 10.0.40219.1
Project("{FAE04EC0-301F-11D3-BF4B-00C04F79EFBC}") = "CalculateLetterGrade", "CalculateLetterGrade\CalculateLetterGrade.csproj", "{9720AEA5-2C0E-4E36-BD40-C08DA91C6151}"
EndProject
Global
	GlobalSection(SolutionConfigurationPlatforms) = preSolution
		Debug|Any CPU = Debug|Any CPU
		Release|Any CPU = Release|Any CPU
	EndGlobalSection
	GlobalSection(ProjectConfigurationPlatforms) = postSolution
		{9720AEA5-2C0E-4E36-BD40-C08DA91C6151}.Debug|Any CPU.ActiveCfg = Debug|Any CPU
		{9720AEA5-2C0E-4E36-BD40-C08DA91C6151}.Debug|Any CPU.Build.0 = Debug|Any CPU
		{9720AEA5-2C0E-4E36-BD40-C08DA91C6151}.Release|Any CPU.ActiveCfg = Release|Any CPU
		{9720AEA5-2C0E-4E36-BD40-C08DA91C6151}.Release|Any CPU.Build.0 = Release|Any CPU
	EndGlobalSection
	GlobalSection(SolutionProperties) = preSolution
		HideSolutionNode = FALSE
	EndGlobalSection
	GlobalSection(ExtensibilityGlobals) = postSolution
		SolutionGuid = {8F47BC94-A0C0-4281-A2A2-EB4552EE036B}
	EndGlobalSection
EndGlobal
